// !$*UTF8*$!
{
	archiveVersion = 1;
	classes = {
	};
	objectVersion = 55;
	objects = {

/* Begin PBXBuildFile section */
		02C3DE8F28B3B23E000A4270 /* CountryTableViewCell.swift in Sources */ = {isa = PBXBuildFile; fileRef = 02C3DE8E28B3B23E000A4270 /* CountryTableViewCell.swift */; };
		02C3DE9128B3CBD9000A4270 /* WeatherTableViewCell.swift in Sources */ = {isa = PBXBuildFile; fileRef = 02C3DE9028B3CBD9000A4270 /* WeatherTableViewCell.swift */; };
		02C3DE9328B3CD34000A4270 /* WeatherKr.swift in Sources */ = {isa = PBXBuildFile; fileRef = 02C3DE9228B3CD34000A4270 /* WeatherKr.swift */; };
		02DCC77328B3AF550093CD57 /* AppDelegate.swift in Sources */ = {isa = PBXBuildFile; fileRef = 02DCC77228B3AF550093CD57 /* AppDelegate.swift */; };
		02DCC77528B3AF550093CD57 /* SceneDelegate.swift in Sources */ = {isa = PBXBuildFile; fileRef = 02DCC77428B3AF550093CD57 /* SceneDelegate.swift */; };
		02DCC77728B3AF550093CD57 /* ViewController.swift in Sources */ = {isa = PBXBuildFile; fileRef = 02DCC77628B3AF550093CD57 /* ViewController.swift */; };
		02DCC77A28B3AF550093CD57 /* Main.storyboard in Resources */ = {isa = PBXBuildFile; fileRef = 02DCC77828B3AF550093CD57 /* Main.storyboard */; };
		02DCC77C28B3AF560093CD57 /* Assets.xcassets in Resources */ = {isa = PBXBuildFile; fileRef = 02DCC77B28B3AF560093CD57 /* Assets.xcassets */; };
		02DCC77F28B3AF560093CD57 /* LaunchScreen.storyboard in Resources */ = {isa = PBXBuildFile; fileRef = 02DCC77D28B3AF560093CD57 /* LaunchScreen.storyboard */; };
		02DCC78728B3AFEE0093CD57 /* SecondViewController.swift in Sources */ = {isa = PBXBuildFile; fileRef = 02DCC78628B3AFEE0093CD57 /* SecondViewController.swift */; };
		02DCC78928B3B0000093CD57 /* ThirdViewController.swift in Sources */ = {isa = PBXBuildFile; fileRef = 02DCC78828B3B0000093CD57 /* ThirdViewController.swift */; };
/* End PBXBuildFile section */

/* Begin PBXFileReference section */
		02C3DE8E28B3B23E000A4270 /* CountryTableViewCell.swift */ = {isa = PBXFileReference; lastKnownFileType = sourcecode.swift; path = CountryTableViewCell.swift; sourceTree = "<group>"; };
		02C3DE9028B3CBD9000A4270 /* WeatherTableViewCell.swift */ = {isa = PBXFileReference; lastKnownFileType = sourcecode.swift; path = WeatherTableViewCell.swift; sourceTree = "<group>"; };
		02C3DE9228B3CD34000A4270 /* WeatherKr.swift */ = {isa = PBXFileReference; lastKnownFileType = sourcecode.swift; path = WeatherKr.swift; sourceTree = "<group>"; };
		02DCC76F28B3AF550093CD57 /* WeatherToday.app */ = {isa = PBXFileReference; explicitFileType = wrapper.application; includeInIndex = 0; path = WeatherToday.app; sourceTree = BUILT_PRODUCTS_DIR; };
		02DCC77228B3AF550093CD57 /* AppDelegate.swift */ = {isa = PBXFileReference; lastKnownFileType = sourcecode.swift; path = AppDelegate.swift; sourceTree = "<group>"; };
		02DCC77428B3AF550093CD57 /* SceneDelegate.swift */ = {isa = PBXFileReference; lastKnownFileType = sourcecode.swift; path = SceneDelegate.swift; sourceTree = "<group>"; };
		02DCC77628B3AF550093CD57 /* ViewController.swift */ = {isa = PBXFileReference; lastKnownFileType = sourcecode.swift; path = ViewController.swift; sourceTree = "<group>"; };
		02DCC77928B3AF550093CD57 /* Base */ = {isa = PBXFileReference; lastKnownFileType = file.storyboard; name = Base; path = Base.lproj/Main.storyboard; sourceTree = "<group>"; };
		02DCC77B28B3AF560093CD57 /* Assets.xcassets */ = {isa = PBXFileReference; lastKnownFileType = folder.assetcatalog; path = Assets.xcassets; sourceTree = "<group>"; };
		02DCC77E28B3AF560093CD57 /* Base */ = {isa = PBXFileReference; lastKnownFileType = file.storyboard; name = Base; path = Base.lproj/LaunchScreen.storyboard; sourceTree = "<group>"; };
		02DCC78028B3AF560093CD57 /* Info.plist */ = {isa = PBXFileReference; lastKnownFileType = text.plist.xml; path = Info.plist; sourceTree = "<group>"; };
		02DCC78628B3AFEE0093CD57 /* SecondViewController.swift */ = {isa = PBXFileReference; lastKnownFileType = sourcecode.swift; path = SecondViewController.swift; sourceTree = "<group>"; };
		02DCC78828B3B0000093CD57 /* ThirdViewController.swift */ = {isa = PBXFileReference; lastKnownFileType = sourcecode.swift; path = ThirdViewController.swift; sourceTree = "<group>"; };
/* End PBXFileReference section */

/* Begin PBXFrameworksBuildPhase section */
		02DCC76C28B3AF550093CD57 /* Frameworks */ = {
			isa = PBXFrameworksBuildPhase;
			buildActionMask = 2147483647;
			files = (
			);
			runOnlyForDeploymentPostprocessing = 0;
		};
/* End PBXFrameworksBuildPhase section */

/* Begin PBXGroup section */
		02DCC76628B3AF550093CD57 = {
			isa = PBXGroup;
			children = (
				02DCC77128B3AF550093CD57 /* WeatherToday */,
				02DCC77028B3AF550093CD57 /* Products */,
			);
			sourceTree = "<group>";
		};
		02DCC77028B3AF550093CD57 /* Products */ = {
			isa = PBXGroup;
			children = (
				02DCC76F28B3AF550093CD57 /* WeatherToday.app */,
			);
			name = Products;
			sourceTree = "<group>";
		};
		02DCC77128B3AF550093CD57 /* WeatherToday */ = {
			isa = PBXGroup;
			children = (
				02C3DE9028B3CBD9000A4270 /* WeatherTableViewCell.swift */,
				02DCC77228B3AF550093CD57 /* AppDelegate.swift */,
				02DCC77428B3AF550093CD57 /* SceneDelegate.swift */,
				02DCC77628B3AF550093CD57 /* ViewController.swift */,
				02DCC77828B3AF550093CD57 /* Main.storyboard */,
				02C3DE8E28B3B23E000A4270 /* CountryTableViewCell.swift */,
				02DCC78828B3B0000093CD57 /* ThirdViewController.swift */,
				02DCC78628B3AFEE0093CD57 /* SecondViewController.swift */,
				02DCC77B28B3AF560093CD57 /* Assets.xcassets */,
				02C3DE9228B3CD34000A4270 /* WeatherKr.swift */,
				02DCC77D28B3AF560093CD57 /* LaunchScreen.storyboard */,
				02DCC78028B3AF560093CD57 /* Info.plist */,
			);
			path = WeatherToday;
			sourceTree = "<group>";
		};
/* End PBXGroup section */

/* Begin PBXNativeTarget section */
		02DCC76E28B3AF550093CD57 /* WeatherToday */ = {
			isa = PBXNativeTarget;
			buildConfigurationList = 02DCC78328B3AF560093CD57 /* Build configuration list for PBXNativeTarget "WeatherToday" */;
			buildPhases = (
				02DCC76B28B3AF550093CD57 /* Sources */,
				02DCC76C28B3AF550093CD57 /* Frameworks */,
				02DCC76D28B3AF550093CD57 /* Resources */,
			);
			buildRules = (
			);
			dependencies = (
			);
			name = WeatherToday;
			productName = WeatherToday;
			productReference = 02DCC76F28B3AF550093CD57 /* WeatherToday.app */;
			productType = "com.apple.product-type.application";
		};
/* End PBXNativeTarget section */

/* Begin PBXProject section */
		02DCC76728B3AF550093CD57 /* Project object */ = {
			isa = PBXProject;
			attributes = {
				BuildIndependentTargetsInParallel = 1;
				LastSwiftUpdateCheck = 1340;
				LastUpgradeCheck = 1340;
				TargetAttributes = {
					02DCC76E28B3AF550093CD57 = {
						CreatedOnToolsVersion = 13.4.1;
					};
				};
			};
			buildConfigurationList = 02DCC76A28B3AF550093CD57 /* Build configuration list for PBXProject "WeatherToday" */;
			compatibilityVersion = "Xcode 13.0";
			developmentRegion = en;
			hasScannedForEncodings = 0;
			knownRegions = (
				en,
				Base,
			);
			mainGroup = 02DCC76628B3AF550093CD57;
			productRefGroup = 02DCC77028B3AF550093CD57 /* Products */;
			projectDirPath = "";
			projectRoot = "";
			targets = (
				02DCC76E28B3AF550093CD57 /* WeatherToday */,
			);
		};
/* End PBXProject section */

/* Begin PBXResourcesBuildPhase section */
		02DCC76D28B3AF550093CD57 /* Resources */ = {
			isa = PBXResourcesBuildPhase;
			buildActionMask = 2147483647;
			files = (
				02DCC77F28B3AF560093CD57 /* LaunchScreen.storyboard in Resources */,
				02DCC77C28B3AF560093CD57 /* Assets.xcassets in Resources */,
				02DCC77A28B3AF550093CD57 /* Main.storyboard in Resources */,
			);
			runOnlyForDeploymentPostprocessing = 0;
		};
/* End PBXResourcesBuildPhase section */

/* Begin PBXSourcesBuildPhase section */
		02DCC76B28B3AF550093CD57 /* Sources */ = {
			isa = PBXSourcesBuildPhase;
			buildActionMask = 2147483647;
			files = (
				02C3DE8F28B3B23E000A4270 /* CountryTableViewCell.swift in Sources */,
				02DCC78728B3AFEE0093CD57 /* SecondViewController.swift in Sources */,
				02C3DE9128B3CBD9000A4270 /* WeatherTableViewCell.swift in Sources */,
				02DCC77728B3AF550093CD57 /* ViewController.swift in Sources */,
				02DCC78928B3B0000093CD57 /* ThirdViewController.swift in Sources */,
				02DCC77328B3AF550093CD57 /* AppDelegate.swift in Sources */,
				02DCC77528B3AF550093CD57 /* SceneDelegate.swift in Sources */,
				02C3DE9328B3CD34000A4270 /* WeatherKr.swift in Sources */,
			);
			runOnlyForDeploymentPostprocessing = 0;
		};
/* End PBXSourcesBuildPhase section */

/* Begin PBXVariantGroup section */
		02DCC77828B3AF550093CD57 /* Main.storyboard */ = {
			isa = PBXVariantGroup;
			children = (
				02DCC77928B3AF550093CD57 /* Base */,
			);
			name = Main.storyboard;
			sourceTree = "<group>";
		};
		02DCC77D28B3AF560093CD57 /* LaunchScreen.storyboard */ = {
			isa = PBXVariantGroup;
			children = (
				02DCC77E28B3AF560093CD57 /* Base */,
			);
			name = LaunchScreen.storyboard;
			sourceTree = "<group>";
		};
/* End PBXVariantGroup section */

/* Begin XCBuildConfiguration section */
		02DCC78128B3AF560093CD57 /* Debug */ = {
			isa = XCBuildConfiguration;
			buildSettings = {
				ALWAYS_SEARCH_USER_PATHS = NO;
				CLANG_ANALYZER_NONNULL = YES;
				CLANG_ANALYZER_NUMBER_OBJECT_CONVERSION = YES_AGGRESSIVE;
				CLANG_CXX_LANGUAGE_STANDARD = "gnu++17";
				CLANG_ENABLE_MODULES = YES;
				CLANG_ENABLE_OBJC_ARC = YES;
				CLANG_ENABLE_OBJC_WEAK = YES;
				CLANG_WARN_BLOCK_CAPTURE_AUTORELEASING = YES;
				CLANG_WARN_BOOL_CONVERSION = YES;
				CLANG_WARN_COMMA = YES;
				CLANG_WARN_CONSTANT_CONVERSION = YES;
				CLANG_WARN_DEPRECATED_OBJC_IMPLEMENTATIONS = YES;
				CLANG_WARN_DIRECT_OBJC_ISA_USAGE = YES_ERROR;
				CLANG_WARN_DOCUMENTATION_COMMENTS = YES;
				CLANG_WARN_EMPTY_BODY = YES;
				CLANG_WARN_ENUM_CONVERSION = YES;
				CLANG_WARN_INFINITE_RECURSION = YES;
				CLANG_WARN_INT_CONVERSION = YES;
				CLANG_WARN_NON_LITERAL_NULL_CONVERSION = YES;
				CLANG_WARN_OBJC_IMPLICIT_RETAIN_SELF = YES;
				CLANG_WARN_OBJC_LITERAL_CONVERSION = YES;
				CLANG_WARN_OBJC_ROOT_CLASS = YES_ERROR;
				CLANG_WARN_QUOTED_INCLUDE_IN_FRAMEWORK_HEADER = YES;
				CLANG_WARN_RANGE_LOOP_ANALYSIS = YES;
				CLANG_WARN_STRICT_PROTOTYPES = YES;
				CLANG_WARN_SUSPICIOUS_MOVE = YES;
				CLANG_WARN_UNGUARDED_AVAILABILITY = YES_AGGRESSIVE;
				CLANG_WARN_UNREACHABLE_CODE = YES;
				CLANG_WARN__DUPLICATE_METHOD_MATCH = YES;
				COPY_PHASE_STRIP = NO;
				DEBUG_INFORMATION_FORMAT = dwarf;
				ENABLE_STRICT_OBJC_MSGSEND = YES;
				ENABLE_TESTABILITY = YES;
				GCC_C_LANGUAGE_STANDARD = gnu11;
				GCC_DYNAMIC_NO_PIC = NO;
				GCC_NO_COMMON_BLOCKS = YES;
				GCC_OPTIMIZATION_LEVEL = 0;
				GCC_PREPROCESSOR_DEFINITIONS = (
					"DEBUG=1",
					"$(inherited)",
				);
				GCC_WARN_64_TO_32_BIT_CONVERSION = YES;
				GCC_WARN_ABOUT_RETURN_TYPE = YES_ERROR;
				GCC_WARN_UNDECLARED_SELECTOR = YES;
				GCC_WARN_UNINITIALIZED_AUTOS = YES_AGGRESSIVE;
				GCC_WARN_UNUSED_FUNCTION = YES;
				GCC_WARN_UNUSED_VARIABLE = YES;
				IPHONEOS_DEPLOYMENT_TARGET = 15.5;
				MTL_ENABLE_DEBUG_INFO = INCLUDE_SOURCE;
				MTL_FAST_MATH = YES;
				ONLY_ACTIVE_ARCH = YES;
				SDKROOT = iphoneos;
				SWIFT_ACTIVE_COMPILATION_CONDITIONS = DEBUG;
				SWIFT_OPTIMIZATION_LEVEL = "-Onone";
			};
			name = Debug;
		};
		02DCC78228B3AF560093CD57 /* Release */ = {
			isa = XCBuildConfiguration;
			buildSettings = {
				ALWAYS_SEARCH_USER_PATHS = NO;
				CLANG_ANALYZER_NONNULL = YES;
				CLANG_ANALYZER_NUMBER_OBJECT_CONVERSION = YES_AGGRESSIVE;
				CLANG_CXX_LANGUAGE_STANDARD = "gnu++17";
				CLANG_ENABLE_MODULES = YES;
				CLANG_ENABLE_OBJC_ARC = YES;
				CLANG_ENABLE_OBJC_WEAK = YES;
				CLANG_WARN_BLOCK_CAPTURE_AUTORELEASING = YES;
				CLANG_WARN_BOOL_CONVERSION = YES;
				CLANG_WARN_COMMA = YES;
				CLANG_WARN_CONSTANT_CONVERSION = YES;
				CLANG_WARN_DEPRECATED_OBJC_IMPLEMENTATIONS = YES;
				CLANG_WARN_DIRECT_OBJC_ISA_USAGE = YES_ERROR;
				CLANG_WARN_DOCUMENTATION_COMMENTS = YES;
				CLANG_WARN_EMPTY_BODY = YES;
				CLANG_WARN_ENUM_CONVERSION = YES;
				CLANG_WARN_INFINITE_RECURSION = YES;
				CLANG_WARN_INT_CONVERSION = YES;
				CLANG_WARN_NON_LITERAL_NULL_CONVERSION = YES;
				CLANG_WARN_OBJC_IMPLICIT_RETAIN_SELF = YES;
				CLANG_WARN_OBJC_LITERAL_CONVERSION = YES;
				CLANG_WARN_OBJC_ROOT_CLASS = YES_ERROR;
				CLANG_WARN_QUOTED_INCLUDE_IN_FRAMEWORK_HEADER = YES;
				CLANG_WARN_RANGE_LOOP_ANALYSIS = YES;
				CLANG_WARN_STRICT_PROTOTYPES = YES;
				CLANG_WARN_SUSPICIOUS_MOVE = YES;
				CLANG_WARN_UNGUARDED_AVAILABILITY = YES_AGGRESSIVE;
				CLANG_WARN_UNREACHABLE_CODE = YES;
				CLANG_WARN__DUPLICATE_METHOD_MATCH = YES;
				COPY_PHASE_STRIP = NO;
				DEBUG_INFORMATION_FORMAT = "dwarf-with-dsym";
				ENABLE_NS_ASSERTIONS = NO;
				ENABLE_STRICT_OBJC_MSGSEND = YES;
				GCC_C_LANGUAGE_STANDARD = gnu11;
				GCC_NO_COMMON_BLOCKS = YES;
				GCC_WARN_64_TO_32_BIT_CONVERSION = YES;
				GCC_WARN_ABOUT_RETURN_TYPE = YES_ERROR;
				GCC_WARN_UNDECLARED_SELECTOR = YES;
				GCC_WARN_UNINITIALIZED_AUTOS = YES_AGGRESSIVE;
				GCC_WARN_UNUSED_FUNCTION = YES;
				GCC_WARN_UNUSED_VARIABLE = YES;
				IPHONEOS_DEPLOYMENT_TARGET = 15.5;
				MTL_ENABLE_DEBUG_INFO = NO;
				MTL_FAST_MATH = YES;
				SDKROOT = iphoneos;
				SWIFT_COMPILATION_MODE = wholemodule;
				SWIFT_OPTIMIZATION_LEVEL = "-O";
				VALIDATE_PRODUCT = YES;
			};
			name = Release;
		};
		02DCC78428B3AF560093CD57 /* Debug */ = {
			isa = XCBuildConfiguration;
			buildSettings = {
				ASSETCATALOG_COMPILER_APPICON_NAME = AppIcon;
				ASSETCATALOG_COMPILER_GLOBAL_ACCENT_COLOR_NAME = AccentColor;
				CODE_SIGN_STYLE = Automatic;
				CURRENT_PROJECT_VERSION = 1;
				DEVELOPMENT_TEAM = SP5RUYUBZY;
				GENERATE_INFOPLIST_FILE = YES;
				INFOPLIST_FILE = WeatherToday/Info.plist;
				INFOPLIST_KEY_UIApplicationSupportsIndirectInputEvents = YES;
				INFOPLIST_KEY_UILaunchStoryboardName = LaunchScreen;
				INFOPLIST_KEY_UIMainStoryboardFile = Main;
				INFOPLIST_KEY_UISupportedInterfaceOrientations_iPad = "UIInterfaceOrientationPortrait UIInterfaceOrientationPortraitUpsideDown UIInterfaceOrientationLandscapeLeft UIInterfaceOrientationLandscapeRight";
				INFOPLIST_KEY_UISupportedInterfaceOrientations_iPhone = "UIInterfaceOrientationPortrait UIInterfaceOrientationLandscapeLeft UIInterfaceOrientationLandscapeRight";
				LD_RUNPATH_SEARCH_PATHS = (
					"$(inherited)",
					"@executable_path/Frameworks",
				);
				MARKETING_VERSION = 1.0;
				PRODUCT_BUNDLE_IDENTIFIER = net.joeun.WeatherToday;
				PRODUCT_NAME = "$(TARGET_NAME)";
				SWIFT_EMIT_LOC_STRINGS = YES;
				SWIFT_VERSION = 5.0;
				TARGETED_DEVICE_FAMILY = "1,2";
			};
			name = Debug;
		};
		02DCC78528B3AF560093CD57 /* Release */ = {
			isa = XCBuildConfiguration;
			buildSettings = {
				ASSETCATALOG_COMPILER_APPICON_NAME = AppIcon;
				ASSETCATALOG_COMPILER_GLOBAL_ACCENT_COLOR_NAME = AccentColor;
				CODE_SIGN_STYLE = Automatic;
				CURRENT_PROJECT_VERSION = 1;
				DEVELOPMENT_TEAM = SP5RUYUBZY;
				GENERATE_INFOPLIST_FILE = YES;
				INFOPLIST_FILE = WeatherToday/Info.plist;
				INFOPLIST_KEY_UIApplicationSupportsIndirectInputEvents = YES;
				INFOPLIST_KEY_UILaunchStoryboardName = LaunchScreen;
				INFOPLIST_KEY_UIMainStoryboardFile = Main;
				INFOPLIST_KEY_UISupportedInterfaceOrientations_iPad = "UIInterfaceOrientationPortrait UIInterfaceOrientationPortraitUpsideDown UIInterfaceOrientationLandscapeLeft UIInterfaceOrientationLandscapeRight";
				INFOPLIST_KEY_UISupportedInterfaceOrientations_iPhone = "UIInterfaceOrientationPortrait UIInterfaceOrientationLandscapeLeft UIInterfaceOrientationLandscapeRight";
				LD_RUNPATH_SEARCH_PATHS = (
					"$(inherited)",
					"@executable_path/Frameworks",
				);
				MARKETING_VERSION = 1.0;
				PRODUCT_BUNDLE_IDENTIFIER = net.joeun.WeatherToday;
				PRODUCT_NAME = "$(TARGET_NAME)";
				SWIFT_EMIT_LOC_STRINGS = YES;
				SWIFT_VERSION = 5.0;
				TARGETED_DEVICE_FAMILY = "1,2";
			};
			name = Release;
		};
/* End XCBuildConfiguration section */

/* Begin XCConfigurationList section */
		02DCC76A28B3AF550093CD57 /* Build configuration list for PBXProject "WeatherToday" */ = {
			isa = XCConfigurationList;
			buildConfigurations = (
				02DCC78128B3AF560093CD57 /* Debug */,
				02DCC78228B3AF560093CD57 /* Release */,
			);
			defaultConfigurationIsVisible = 0;
			defaultConfigurationName = Release;
		};
		02DCC78328B3AF560093CD57 /* Build configuration list for PBXNativeTarget "WeatherToday" */ = {
			isa = XCConfigurationList;
			buildConfigurations = (
				02DCC78428B3AF560093CD57 /* Debug */,
				02DCC78528B3AF560093CD57 /* Release */,
			);
			defaultConfigurationIsVisible = 0;
			defaultConfigurationName = Release;
		};
/* End XCConfigurationList section */
	};
	rootObject = 02DCC76728B3AF550093CD57 /* Project object */;
}
